
Microsoft Visual Studio Solution File, Format Version 12.00
# Visual Studio 14
VisualStudioVersion = 14.0.23107.0
MinimumVisualStudioVersion = 10.0.40219.1
Project("{FAE04EC0-301F-11D3-BF4B-00C04F79EFBC}") = "KSPModelLessModlets", "KSPModelLessModlets.csproj", "{4264A54F-3B43-46F3-BE10-BF6668E225E9}"
EndProject
Project("{FAE04EC0-301F-11D3-BF4B-00C04F79EFBC}") = "PowerTriggers", "..\PowerTriggers\PowerTriggers.csproj", "{74728AE7-8622-4A48-8773-8954674911D6}"
EndProject
Global
	GlobalSection(SolutionConfigurationPlatforms) = preSolution
		Debug|Any CPU = Debug|Any CPU
		Release|Any CPU = Release|Any CPU
	EndGlobalSection
	GlobalSection(ProjectConfigurationPlatforms) = postSolution
		{4264A54F-3B43-46F3-BE10-BF6668E225E9}.Debug|Any CPU.ActiveCfg = Debug|Any CPU
		{4264A54F-3B43-46F3-BE10-BF6668E225E9}.Debug|Any CPU.Build.0 = Debug|Any CPU
		{4264A54F-3B43-46F3-BE10-BF6668E225E9}.Release|Any CPU.ActiveCfg = Release|Any CPU
		{4264A54F-3B43-46F3-BE10-BF6668E225E9}.Release|Any CPU.Build.0 = Release|Any CPU
		{74728AE7-8622-4A48-8773-8954674911D6}.Debug|Any CPU.ActiveCfg = Debug|Any CPU
		{74728AE7-8622-4A48-8773-8954674911D6}.Debug|Any CPU.Build.0 = Debug|Any CPU
		{74728AE7-8622-4A48-8773-8954674911D6}.Release|Any CPU.ActiveCfg = Release|Any CPU
		{74728AE7-8622-4A48-8773-8954674911D6}.Release|Any CPU.Build.0 = Release|Any CPU
	EndGlobalSection
	GlobalSection(SolutionProperties) = preSolution
		HideSolutionNode = FALSE
	EndGlobalSection
EndGlobal
